
Microsoft Visual Studio Solution File, Format Version 12.00
# Visual Studio 15
Project("{FAE04EC0-301F-11D3-BF4B-00C04F79EFBC}") = "LeanCloud.Engine.RpcClient.NetCore", "src\LeanCloud.Engine.RpcClient.NetCore.csproj", "{460B19A4-6E3C-4B05-B74F-8327F6EB5E7F}"
EndProject
Project("{FAE04EC0-301F-11D3-BF4B-00C04F79EFBC}") = "LeanCloud.Engine.Rpc.Client.Unity", "src\LeanCloud.Engine.Rpc.Client.Unity.csproj", "{6DDE32AC-BF8F-4046-831C-D89844E7ADFB}"
EndProject
Global
	GlobalSection(SolutionConfigurationPlatforms) = preSolution
		Debug|Any CPU = Debug|Any CPU
		Release|Any CPU = Release|Any CPU
	EndGlobalSection
	GlobalSection(ProjectConfigurationPlatforms) = postSolution
		{460B19A4-6E3C-4B05-B74F-8327F6EB5E7F}.Debug|Any CPU.ActiveCfg = Debug|Any CPU
		{460B19A4-6E3C-4B05-B74F-8327F6EB5E7F}.Debug|Any CPU.Build.0 = Debug|Any CPU
		{460B19A4-6E3C-4B05-B74F-8327F6EB5E7F}.Release|Any CPU.ActiveCfg = Release|Any CPU
		{460B19A4-6E3C-4B05-B74F-8327F6EB5E7F}.Release|Any CPU.Build.0 = Release|Any CPU
		{6DDE32AC-BF8F-4046-831C-D89844E7ADFB}.Debug|Any CPU.ActiveCfg = Debug|Any CPU
		{6DDE32AC-BF8F-4046-831C-D89844E7ADFB}.Debug|Any CPU.Build.0 = Debug|Any CPU
		{6DDE32AC-BF8F-4046-831C-D89844E7ADFB}.Release|Any CPU.ActiveCfg = Release|Any CPU
		{6DDE32AC-BF8F-4046-831C-D89844E7ADFB}.Release|Any CPU.Build.0 = Release|Any CPU
	EndGlobalSection
EndGlobal
